{
  "name": "@malmz/lithium",
  "version": "1.0.0",
  "lockfileVersion": 2,
  "requires": true,
  "packages": {
    "": {
      "name": "@malmz/lithium",
      "version": "1.0.0",
      "license": "MIT",
      "dependencies": {
        "@github/jtml": "^0.4.0",
        "lodash-es": "^4.17.21"
      },
      "devDependencies": {
        "@types/lodash-es": "^4.17.4",
        "typescript": "^4.3.5"
      }
    },
    "node_modules/@github/jtml": {
      "version": "0.4.0",
      "resolved": "https://registry.npmjs.org/@github/jtml/-/jtml-0.4.0.tgz",
      "integrity": "sha512-749dmX5totDaFnRkr3gTCz9cIswRf4BgN1G1skyYx7MZHoYS+5qvCXTep0gae4YxX6N28EnS3vZvD8pYvyLI7w==",
      "dependencies": {
        "@github/template-parts": "^0.3.0"
      }
    },
    "node_modules/@github/template-parts": {
      "version": "0.3.2",
      "resolved": "https://registry.npmjs.org/@github/template-parts/-/template-parts-0.3.2.tgz",
      "integrity": "sha512-ErF88+S6rV0DRnXgs7cv2K/FGiYyipWKUZtGewfWz/8Dbddw0B5wXvZa0Ebph8ptcvYcAzDqSxy7AHCREX4xbw=="
    },
    "node_modules/@types/lodash": {
      "version": "4.14.172",
      "resolved": "https://registry.npmjs.org/@types/lodash/-/lodash-4.14.172.tgz",
      "integrity": "sha512-/BHF5HAx3em7/KkzVKm3LrsD6HZAXuXO1AJZQ3cRRBZj4oHZDviWPYu0aEplAqDFNHZPW6d3G7KN+ONcCCC7pw==",
      "dev": true
    },
    "node_modules/@types/lodash-es": {
      "version": "4.17.4",
      "resolved": "https://registry.npmjs.org/@types/lodash-es/-/lodash-es-4.17.4.tgz",
      "integrity": "sha512-BBz79DCJbD2CVYZH67MBeHZRX++HF+5p8Mo5MzjZi64Wac39S3diedJYHZtScbRVf4DjZyN6LzA0SB0zy+HSSQ==",
      "dev": true,
      "dependencies": {
        "@types/lodash": "*"
      }
    },
    "node_modules/lodash-es": {
      "version": "4.17.21",
      "resolved": "https://registry.npmjs.org/lodash-es/-/lodash-es-4.17.21.tgz",
      "integrity": "sha512-mKnC+QJ9pWVzv+C4/U3rRsHapFfHvQFoFB92e52xeyGMcX6/OlIl78je1u8vePzYZSkkogMPJ2yjxxsb89cxyw=="
    },
    "node_modules/typescript": {
      "version": "4.3.5",
      "resolved": "https://registry.npmjs.org/typescript/-/typescript-4.3.5.tgz",
      "integrity": "sha512-DqQgihaQ9cUrskJo9kIyW/+g0Vxsk8cDtZ52a3NGh0YNTfpUSArXSohyUGnvbPazEPLu398C0UxmKSOrPumUzA==",
      "dev": true,
      "bin": {
        "tsc": "bin/tsc",
        "tsserver": "bin/tsserver"
      },
      "engines": {
        "node": ">=4.2.0"
      }
    }
  },
  "dependencies": {
    "@github/jtml": {
      "version": "0.4.0",
      "resolved": "https://registry.npmjs.org/@github/jtml/-/jtml-0.4.0.tgz",
      "integrity": "sha512-749dmX5totDaFnRkr3gTCz9cIswRf4BgN1G1skyYx7MZHoYS+5qvCXTep0gae4YxX6N28EnS3vZvD8pYvyLI7w==",
      "requires": {
        "@github/template-parts": "^0.3.0"
      }
    },
    "@github/template-parts": {
      "version": "0.3.2",
      "resolved": "https://registry.npmjs.org/@github/template-parts/-/template-parts-0.3.2.tgz",
      "integrity": "sha512-ErF88+S6rV0DRnXgs7cv2K/FGiYyipWKUZtGewfWz/8Dbddw0B5wXvZa0Ebph8ptcvYcAzDqSxy7AHCREX4xbw=="
    },
    "@types/lodash": {
      "version": "4.14.172",
      "resolved": "https://registry.npmjs.org/@types/lodash/-/lodash-4.14.172.tgz",
      "integrity": "sha512-/BHF5HAx3em7/KkzVKm3LrsD6HZAXuXO1AJZQ3cRRBZj4oHZDviWPYu0aEplAqDFNHZPW6d3G7KN+ONcCCC7pw==",
      "dev": true
    },
    "@types/lodash-es": {
      "version": "4.17.4",
      "resolved": "https://registry.npmjs.org/@types/lodash-es/-/lodash-es-4.17.4.tgz",
      "integrity": "sha512-BBz79DCJbD2CVYZH67MBeHZRX++HF+5p8Mo5MzjZi64Wac39S3diedJYHZtScbRVf4DjZyN6LzA0SB0zy+HSSQ==",
      "dev": true,
      "requires": {
        "@types/lodash": "*"
      }
    },
    "lodash-es": {
      "version": "4.17.21",
      "resolved": "https://registry.npmjs.org/lodash-es/-/lodash-es-4.17.21.tgz",
      "integrity": "sha512-mKnC+QJ9pWVzv+C4/U3rRsHapFfHvQFoFB92e52xeyGMcX6/OlIl78je1u8vePzYZSkkogMPJ2yjxxsb89cxyw=="
    },
    "typescript": {
      "version": "4.3.5",
      "resolved": "https://registry.npmjs.org/typescript/-/typescript-4.3.5.tgz",
      "integrity": "sha512-DqQgihaQ9cUrskJo9kIyW/+g0Vxsk8cDtZ52a3NGh0YNTfpUSArXSohyUGnvbPazEPLu398C0UxmKSOrPumUzA==",
      "dev": true
    }
  }
}
